
Microsoft Visual Studio Solution File, Format Version 12.00
# Visual Studio 15
VisualStudioVersion = 15.0.27004.2005
MinimumVisualStudioVersion = 10.0.40219.1
Project("{9A19103F-16F7-4668-BE54-9A1E7A4F7556}") = "Linkedin.DogMeasures", "Linkedin.DogMeasures\Linkedin.DogMeasures.csproj", "{6282EA2B-BA0E-49EE-9723-36781EDDFD29}"
EndProject
Project("{FAE04EC0-301F-11D3-BF4B-00C04F79EFBC}") = "Linkedin.DogMeasures.Tests", "Linkedin.DogMeasures.Tests\Linkedin.DogMeasures.Tests.csproj", "{2C1D357B-CD74-4AB1-AFB6-961D910D9B36}"
EndProject
Global
	GlobalSection(SolutionConfigurationPlatforms) = preSolution
		Debug|Any CPU = Debug|Any CPU
		Release|Any CPU = Release|Any CPU
	EndGlobalSection
	GlobalSection(ProjectConfigurationPlatforms) = postSolution
		{6282EA2B-BA0E-49EE-9723-36781EDDFD29}.Debug|Any CPU.ActiveCfg = Debug|Any CPU
		{6282EA2B-BA0E-49EE-9723-36781EDDFD29}.Debug|Any CPU.Build.0 = Debug|Any CPU
		{6282EA2B-BA0E-49EE-9723-36781EDDFD29}.Release|Any CPU.ActiveCfg = Release|Any CPU
		{6282EA2B-BA0E-49EE-9723-36781EDDFD29}.Release|Any CPU.Build.0 = Release|Any CPU
		{2C1D357B-CD74-4AB1-AFB6-961D910D9B36}.Debug|Any CPU.ActiveCfg = Debug|Any CPU
		{2C1D357B-CD74-4AB1-AFB6-961D910D9B36}.Debug|Any CPU.Build.0 = Debug|Any CPU
		{2C1D357B-CD74-4AB1-AFB6-961D910D9B36}.Release|Any CPU.ActiveCfg = Release|Any CPU
		{2C1D357B-CD74-4AB1-AFB6-961D910D9B36}.Release|Any CPU.Build.0 = Release|Any CPU
	EndGlobalSection
	GlobalSection(SolutionProperties) = preSolution
		HideSolutionNode = FALSE
	EndGlobalSection
	GlobalSection(ExtensibilityGlobals) = postSolution
		SolutionGuid = {7494A608-6FE3-4648-9A07-124861558181}
	EndGlobalSection
EndGlobal
